// !$*UTF8*$!
{
	archiveVersion = 1;
	classes = {
	};
	objectVersion = 56;
	objects = {

/* Begin PBXBuildFile section */
		DC13862929259C870049D070 /* ButtonView.swift in Sources */ = {isa = PBXBuildFile; fileRef = DC13862829259C870049D070 /* ButtonView.swift */; };
		DC25CA0528F0E41300646BB9 /* SearchFilter.swift in Sources */ = {isa = PBXBuildFile; fileRef = DC25CA0428F0E41300646BB9 /* SearchFilter.swift */; };
		DC2BC11D28F71C5800E12FA5 /* Media+CoreDataClass.swift in Sources */ = {isa = PBXBuildFile; fileRef = DC2BC11B28F71C5800E12FA5 /* Media+CoreDataClass.swift */; };
		DC5C891F28FF23D700850DF3 /* FiveStarView.swift in Sources */ = {isa = PBXBuildFile; fileRef = DC5C891E28FF23D700850DF3 /* FiveStarView.swift */; };
		DC6DB7D12902D4F000F7BCDD /* SimilarMoviesView.swift in Sources */ = {isa = PBXBuildFile; fileRef = DC6DB7D02902D4F000F7BCDD /* SimilarMoviesView.swift */; };
		DC6DB7D3290701BF00F7BCDD /* Credits.swift in Sources */ = {isa = PBXBuildFile; fileRef = DC6DB7D2290701BF00F7BCDD /* Credits.swift */; };
		DC6DB7D52907078A00F7BCDD /* CreditsView.swift in Sources */ = {isa = PBXBuildFile; fileRef = DC6DB7D42907078A00F7BCDD /* CreditsView.swift */; };
		DC6DB7D7290720AE00F7BCDD /* MovieDetailView.swift in Sources */ = {isa = PBXBuildFile; fileRef = DC6DB7D6290720AE00F7BCDD /* MovieDetailView.swift */; };
		DC6DB7D92907219B00F7BCDD /* MovieTopDetails.swift in Sources */ = {isa = PBXBuildFile; fileRef = DC6DB7D82907219B00F7BCDD /* MovieTopDetails.swift */; };
		DC6E133428E5F4EE00A50AC5 /* MovieNightApp.swift in Sources */ = {isa = PBXBuildFile; fileRef = DC6E133328E5F4EE00A50AC5 /* MovieNightApp.swift */; };
		DC6E133628E5F4EE00A50AC5 /* ContentView.swift in Sources */ = {isa = PBXBuildFile; fileRef = DC6E133528E5F4EE00A50AC5 /* ContentView.swift */; };
		DC6E133828E5F4EF00A50AC5 /* Assets.xcassets in Resources */ = {isa = PBXBuildFile; fileRef = DC6E133728E5F4EF00A50AC5 /* Assets.xcassets */; };
		DC6E133B28E5F4F000A50AC5 /* Preview Assets.xcassets in Resources */ = {isa = PBXBuildFile; fileRef = DC6E133A28E5F4F000A50AC5 /* Preview Assets.xcassets */; };
		DC6E134528E603F900A50AC5 /* DataController.swift in Sources */ = {isa = PBXBuildFile; fileRef = DC6E134428E603F900A50AC5 /* DataController.swift */; };
		DC6E134728E665E200A50AC5 /* MovieView.swift in Sources */ = {isa = PBXBuildFile; fileRef = DC6E134628E665E200A50AC5 /* MovieView.swift */; };
		DC6E134928E6660900A50AC5 /* Percent-Encoding.swift in Sources */ = {isa = PBXBuildFile; fileRef = DC6E134828E6660900A50AC5 /* Percent-Encoding.swift */; };
		DC6E134B28E6662200A50AC5 /* MediaResult.swift in Sources */ = {isa = PBXBuildFile; fileRef = DC6E134A28E6662200A50AC5 /* MediaResult.swift */; };
		DC6E134D28E6664000A50AC5 /* SearchView.swift in Sources */ = {isa = PBXBuildFile; fileRef = DC6E134C28E6664000A50AC5 /* SearchView.swift */; };
		DC6E134F28E6668100A50AC5 /* MyMoviesView.swift in Sources */ = {isa = PBXBuildFile; fileRef = DC6E134E28E6668100A50AC5 /* MyMoviesView.swift */; };
		DC6E135128E6668900A50AC5 /* SettingsView.swift in Sources */ = {isa = PBXBuildFile; fileRef = DC6E135028E6668900A50AC5 /* SettingsView.swift */; };
		DC6E135328E6668E00A50AC5 /* DiscoverView.swift in Sources */ = {isa = PBXBuildFile; fileRef = DC6E135228E6668E00A50AC5 /* DiscoverView.swift */; };
		DC72838228E672490028D4BA /* MovieNight.xcdatamodeld in Sources */ = {isa = PBXBuildFile; fileRef = DC72838028E672490028D4BA /* MovieNight.xcdatamodeld */; };
		DC7A37D72912AE6A00E8343A /* SimilarPostersView.swift in Sources */ = {isa = PBXBuildFile; fileRef = DC7A37D62912AE6A00E8343A /* SimilarPostersView.swift */; };
		DC7A37D92912B87A00E8343A /* CreditProfilePictures.swift in Sources */ = {isa = PBXBuildFile; fileRef = DC7A37D82912B87A00E8343A /* CreditProfilePictures.swift */; };
		DC7A37DF291327C900E8343A /* DiscoverPosters.swift in Sources */ = {isa = PBXBuildFile; fileRef = DC7A37DE291327C900E8343A /* DiscoverPosters.swift */; };
		DC881816290040520066C8FB /* MediaDetails.swift in Sources */ = {isa = PBXBuildFile; fileRef = DC881815290040520066C8FB /* MediaDetails.swift */; };
		DCAB67602922D3AF0081BAA9 /* UIImageTransformer.swift in Sources */ = {isa = PBXBuildFile; fileRef = DCAB675F2922D3AF0081BAA9 /* UIImageTransformer.swift */; };
		DCAE9A0B28E757EA00753F1A /* AddToWatchListButton.swift in Sources */ = {isa = PBXBuildFile; fileRef = DCAE9A0A28E757EA00753F1A /* AddToWatchListButton.swift */; };
		DCC484FE28EB13C4004116CD /* AttributionsView.swift in Sources */ = {isa = PBXBuildFile; fileRef = DCC484FD28EB13C4004116CD /* AttributionsView.swift */; };
		DCC4850028EB177A004116CD /* WatchListFilter.swift in Sources */ = {isa = PBXBuildFile; fileRef = DCC484FF28EB177A004116CD /* WatchListFilter.swift */; };
		DCC60AFD29159889006D814A /* FilmographyPoster.swift in Sources */ = {isa = PBXBuildFile; fileRef = DCC60AFC29159889006D814A /* FilmographyPoster.swift */; };
		DCD021EC290842AF00C5BF54 /* PersonDetails.swift in Sources */ = {isa = PBXBuildFile; fileRef = DCD021EB290842AF00C5BF54 /* PersonDetails.swift */; };
		DCD021F2290887B700C5BF54 /* PersonFilmography.swift in Sources */ = {isa = PBXBuildFile; fileRef = DCD021F1290887B700C5BF54 /* PersonFilmography.swift */; };
		DCD021F4290888CF00C5BF54 /* PersonView.swift in Sources */ = {isa = PBXBuildFile; fileRef = DCD021F3290888CF00C5BF54 /* PersonView.swift */; };
		DCD021F629088B5300C5BF54 /* PersonResult.swift in Sources */ = {isa = PBXBuildFile; fileRef = DCD021F529088B5300C5BF54 /* PersonResult.swift */; };
		DCD021F829089B7100C5BF54 /* Person+CoreDataProperties.swift in Sources */ = {isa = PBXBuildFile; fileRef = DCD021F729089B7100C5BF54 /* Person+CoreDataProperties.swift */; };
		DCD021FA29089DD000C5BF54 /* Person+CoreDataClass.swift in Sources */ = {isa = PBXBuildFile; fileRef = DCD021F929089DD000C5BF54 /* Person+CoreDataClass.swift */; };
		DCE9740428F83BD9002917F0 /* AllSearchResults.swift in Sources */ = {isa = PBXBuildFile; fileRef = DCE9740328F83BD9002917F0 /* AllSearchResults.swift */; };
		DCEDDFA029157D3E009D07B5 /* Media+CoreDataProperties.swift in Sources */ = {isa = PBXBuildFile; fileRef = DCEDDF9F29157D3E009D07B5 /* Media+CoreDataProperties.swift */; };
/* End PBXBuildFile section */

/* Begin PBXFileReference section */
		DC13862829259C870049D070 /* ButtonView.swift */ = {isa = PBXFileReference; lastKnownFileType = sourcecode.swift; path = ButtonView.swift; sourceTree = "<group>"; };
		DC25CA0428F0E41300646BB9 /* SearchFilter.swift */ = {isa = PBXFileReference; lastKnownFileType = sourcecode.swift; path = SearchFilter.swift; sourceTree = "<group>"; };
		DC2BC11B28F71C5800E12FA5 /* Media+CoreDataClass.swift */ = {isa = PBXFileReference; lastKnownFileType = sourcecode.swift; name = "Media+CoreDataClass.swift"; path = "MovieNight/Media+CoreDataClass.swift"; sourceTree = "<group>"; };
		DC5C891E28FF23D700850DF3 /* FiveStarView.swift */ = {isa = PBXFileReference; lastKnownFileType = sourcecode.swift; path = FiveStarView.swift; sourceTree = "<group>"; };
		DC6DB7D02902D4F000F7BCDD /* SimilarMoviesView.swift */ = {isa = PBXFileReference; lastKnownFileType = sourcecode.swift; path = SimilarMoviesView.swift; sourceTree = "<group>"; };
		DC6DB7D2290701BF00F7BCDD /* Credits.swift */ = {isa = PBXFileReference; lastKnownFileType = sourcecode.swift; path = Credits.swift; sourceTree = "<group>"; };
		DC6DB7D42907078A00F7BCDD /* CreditsView.swift */ = {isa = PBXFileReference; lastKnownFileType = sourcecode.swift; path = CreditsView.swift; sourceTree = "<group>"; };
		DC6DB7D6290720AE00F7BCDD /* MovieDetailView.swift */ = {isa = PBXFileReference; lastKnownFileType = sourcecode.swift; path = MovieDetailView.swift; sourceTree = "<group>"; };
		DC6DB7D82907219B00F7BCDD /* MovieTopDetails.swift */ = {isa = PBXFileReference; lastKnownFileType = sourcecode.swift; path = MovieTopDetails.swift; sourceTree = "<group>"; };
		DC6E133028E5F4EE00A50AC5 /* MovieNight.app */ = {isa = PBXFileReference; explicitFileType = wrapper.application; includeInIndex = 0; path = MovieNight.app; sourceTree = BUILT_PRODUCTS_DIR; };
		DC6E133328E5F4EE00A50AC5 /* MovieNightApp.swift */ = {isa = PBXFileReference; lastKnownFileType = sourcecode.swift; path = MovieNightApp.swift; sourceTree = "<group>"; };
		DC6E133528E5F4EE00A50AC5 /* ContentView.swift */ = {isa = PBXFileReference; lastKnownFileType = sourcecode.swift; path = ContentView.swift; sourceTree = "<group>"; };
		DC6E133728E5F4EF00A50AC5 /* Assets.xcassets */ = {isa = PBXFileReference; lastKnownFileType = folder.assetcatalog; path = Assets.xcassets; sourceTree = "<group>"; };
		DC6E133A28E5F4F000A50AC5 /* Preview Assets.xcassets */ = {isa = PBXFileReference; lastKnownFileType = folder.assetcatalog; path = "Preview Assets.xcassets"; sourceTree = "<group>"; };
		DC6E134428E603F900A50AC5 /* DataController.swift */ = {isa = PBXFileReference; lastKnownFileType = sourcecode.swift; path = DataController.swift; sourceTree = "<group>"; };
		DC6E134628E665E200A50AC5 /* MovieView.swift */ = {isa = PBXFileReference; lastKnownFileType = sourcecode.swift; path = MovieView.swift; sourceTree = "<group>"; };
		DC6E134828E6660900A50AC5 /* Percent-Encoding.swift */ = {isa = PBXFileReference; lastKnownFileType = sourcecode.swift; path = "Percent-Encoding.swift"; sourceTree = "<group>"; };
		DC6E134A28E6662200A50AC5 /* MediaResult.swift */ = {isa = PBXFileReference; lastKnownFileType = sourcecode.swift; path = MediaResult.swift; sourceTree = "<group>"; };
		DC6E134C28E6664000A50AC5 /* SearchView.swift */ = {isa = PBXFileReference; lastKnownFileType = sourcecode.swift; path = SearchView.swift; sourceTree = "<group>"; };
		DC6E134E28E6668100A50AC5 /* MyMoviesView.swift */ = {isa = PBXFileReference; lastKnownFileType = sourcecode.swift; path = MyMoviesView.swift; sourceTree = "<group>"; };
		DC6E135028E6668900A50AC5 /* SettingsView.swift */ = {isa = PBXFileReference; lastKnownFileType = sourcecode.swift; path = SettingsView.swift; sourceTree = "<group>"; };
		DC6E135228E6668E00A50AC5 /* DiscoverView.swift */ = {isa = PBXFileReference; lastKnownFileType = sourcecode.swift; path = DiscoverView.swift; sourceTree = "<group>"; };
		DC72838128E672490028D4BA /* MovieNight.xcdatamodel */ = {isa = PBXFileReference; lastKnownFileType = wrapper.xcdatamodel; path = MovieNight.xcdatamodel; sourceTree = "<group>"; };
		DC7A37D62912AE6A00E8343A /* SimilarPostersView.swift */ = {isa = PBXFileReference; lastKnownFileType = sourcecode.swift; path = SimilarPostersView.swift; sourceTree = "<group>"; };
		DC7A37D82912B87A00E8343A /* CreditProfilePictures.swift */ = {isa = PBXFileReference; lastKnownFileType = sourcecode.swift; path = CreditProfilePictures.swift; sourceTree = "<group>"; };
		DC7A37DE291327C900E8343A /* DiscoverPosters.swift */ = {isa = PBXFileReference; lastKnownFileType = sourcecode.swift; path = DiscoverPosters.swift; sourceTree = "<group>"; };
		DC881815290040520066C8FB /* MediaDetails.swift */ = {isa = PBXFileReference; lastKnownFileType = sourcecode.swift; path = MediaDetails.swift; sourceTree = "<group>"; };
		DCAB675F2922D3AF0081BAA9 /* UIImageTransformer.swift */ = {isa = PBXFileReference; fileEncoding = 4; lastKnownFileType = sourcecode.swift; path = UIImageTransformer.swift; sourceTree = "<group>"; };
		DCAE9A0A28E757EA00753F1A /* AddToWatchListButton.swift */ = {isa = PBXFileReference; lastKnownFileType = sourcecode.swift; path = AddToWatchListButton.swift; sourceTree = "<group>"; };
		DCC484FD28EB13C4004116CD /* AttributionsView.swift */ = {isa = PBXFileReference; lastKnownFileType = sourcecode.swift; path = AttributionsView.swift; sourceTree = "<group>"; };
		DCC484FF28EB177A004116CD /* WatchListFilter.swift */ = {isa = PBXFileReference; lastKnownFileType = sourcecode.swift; path = WatchListFilter.swift; sourceTree = "<group>"; };
		DCC60AFC29159889006D814A /* FilmographyPoster.swift */ = {isa = PBXFileReference; lastKnownFileType = sourcecode.swift; path = FilmographyPoster.swift; sourceTree = "<group>"; };
		DCD021EB290842AF00C5BF54 /* PersonDetails.swift */ = {isa = PBXFileReference; lastKnownFileType = sourcecode.swift; path = PersonDetails.swift; sourceTree = "<group>"; };
		DCD021F1290887B700C5BF54 /* PersonFilmography.swift */ = {isa = PBXFileReference; lastKnownFileType = sourcecode.swift; path = PersonFilmography.swift; sourceTree = "<group>"; };
		DCD021F3290888CF00C5BF54 /* PersonView.swift */ = {isa = PBXFileReference; lastKnownFileType = sourcecode.swift; path = PersonView.swift; sourceTree = "<group>"; };
		DCD021F529088B5300C5BF54 /* PersonResult.swift */ = {isa = PBXFileReference; lastKnownFileType = sourcecode.swift; path = PersonResult.swift; sourceTree = "<group>"; };
		DCD021F729089B7100C5BF54 /* Person+CoreDataProperties.swift */ = {isa = PBXFileReference; lastKnownFileType = sourcecode.swift; name = "Person+CoreDataProperties.swift"; path = "MovieNight/Person+CoreDataProperties.swift"; sourceTree = "<group>"; };
		DCD021F929089DD000C5BF54 /* Person+CoreDataClass.swift */ = {isa = PBXFileReference; fileEncoding = 4; lastKnownFileType = sourcecode.swift; name = "Person+CoreDataClass.swift"; path = "MovieNight/Person+CoreDataClass.swift"; sourceTree = "<group>"; };
		DCE9740328F83BD9002917F0 /* AllSearchResults.swift */ = {isa = PBXFileReference; lastKnownFileType = sourcecode.swift; path = AllSearchResults.swift; sourceTree = "<group>"; };
		DCEDDF9F29157D3E009D07B5 /* Media+CoreDataProperties.swift */ = {isa = PBXFileReference; lastKnownFileType = sourcecode.swift; name = "Media+CoreDataProperties.swift"; path = "MovieNight/Media+CoreDataProperties.swift"; sourceTree = "<group>"; };
/* End PBXFileReference section */

/* Begin PBXFrameworksBuildPhase section */
		DC6E132D28E5F4EE00A50AC5 /* Frameworks */ = {
			isa = PBXFrameworksBuildPhase;
			buildActionMask = 2147483647;
			files = (
			);
			runOnlyForDeploymentPostprocessing = 0;
		};
/* End PBXFrameworksBuildPhase section */

/* Begin PBXGroup section */
		DC25CA0328F0E3C300646BB9 /* Search */ = {
			isa = PBXGroup;
			children = (
				DC6E134C28E6664000A50AC5 /* SearchView.swift */,
				DC25CA0428F0E41300646BB9 /* SearchFilter.swift */,
				DCE9740328F83BD9002917F0 /* AllSearchResults.swift */,
			);
			path = Search;
			sourceTree = "<group>";
		};
		DC2BC11F28F7740600E12FA5 /* Discover */ = {
			isa = PBXGroup;
			children = (
				DC6E135228E6668E00A50AC5 /* DiscoverView.swift */,
				DC7A37DE291327C900E8343A /* DiscoverPosters.swift */,
			);
			path = Discover;
			sourceTree = "<group>";
		};
		DC423EE928F5D508005B91B8 /* My Movies */ = {
			isa = PBXGroup;
			children = (
				DC6E134E28E6668100A50AC5 /* MyMoviesView.swift */,
				DCC484FF28EB177A004116CD /* WatchListFilter.swift */,
			);
			path = "My Movies";
			sourceTree = "<group>";
		};
		DC423EEE28F5E2EA005B91B8 /* Settings */ = {
			isa = PBXGroup;
			children = (
				DCC484FD28EB13C4004116CD /* AttributionsView.swift */,
				DC6E135028E6668900A50AC5 /* SettingsView.swift */,
			);
			path = Settings;
			sourceTree = "<group>";
		};
		DC5C891D28FF238500850DF3 /* MovieView */ = {
			isa = PBXGroup;
			children = (
				DC6E134628E665E200A50AC5 /* MovieView.swift */,
				DC6DB7D82907219B00F7BCDD /* MovieTopDetails.swift */,
				DC5C891E28FF23D700850DF3 /* FiveStarView.swift */,
				DCAE9A0A28E757EA00753F1A /* AddToWatchListButton.swift */,
				DC13862829259C870049D070 /* ButtonView.swift */,
				DC6DB7D6290720AE00F7BCDD /* MovieDetailView.swift */,
				DC6DB7D42907078A00F7BCDD /* CreditsView.swift */,
				DC7A37D82912B87A00E8343A /* CreditProfilePictures.swift */,
				DC6DB7D02902D4F000F7BCDD /* SimilarMoviesView.swift */,
				DC7A37D62912AE6A00E8343A /* SimilarPostersView.swift */,
			);
			path = MovieView;
			sourceTree = "<group>";
		};
		DC6E132728E5F4EE00A50AC5 = {
			isa = PBXGroup;
			children = (
				DCD021F929089DD000C5BF54 /* Person+CoreDataClass.swift */,
				DCD021F729089B7100C5BF54 /* Person+CoreDataProperties.swift */,
				DC2BC11B28F71C5800E12FA5 /* Media+CoreDataClass.swift */,
				DCEDDF9F29157D3E009D07B5 /* Media+CoreDataProperties.swift */,
				DC6E133228E5F4EE00A50AC5 /* MovieNight */,
				DC6E133128E5F4EE00A50AC5 /* Products */,
			);
			sourceTree = "<group>";
		};
		DC6E133128E5F4EE00A50AC5 /* Products */ = {
			isa = PBXGroup;
			children = (
				DC6E133028E5F4EE00A50AC5 /* MovieNight.app */,
			);
			name = Products;
			sourceTree = "<group>";
		};
		DC6E133228E5F4EE00A50AC5 /* MovieNight */ = {
			isa = PBXGroup;
			children = (
				DC6E133328E5F4EE00A50AC5 /* MovieNightApp.swift */,
				DC88889528E77D21000B9E01 /* Views */,
				DC6E133728E5F4EF00A50AC5 /* Assets.xcassets */,
				DC6E133928E5F4F000A50AC5 /* Preview Content */,
			);
			path = MovieNight;
			sourceTree = "<group>";
		};
		DC6E133928E5F4F000A50AC5 /* Preview Content */ = {
			isa = PBXGroup;
			children = (
				DC6E133A28E5F4F000A50AC5 /* Preview Assets.xcassets */,
			);
			path = "Preview Content";
			sourceTree = "<group>";
		};
		DC88889528E77D21000B9E01 /* Views */ = {
			isa = PBXGroup;
			children = (
				DC6E133528E5F4EE00A50AC5 /* ContentView.swift */,
				DCD021EA2908429C00C5BF54 /* Person */,
				DC5C891D28FF238500850DF3 /* MovieView */,
				DC2BC11F28F7740600E12FA5 /* Discover */,
				DC423EE928F5D508005B91B8 /* My Movies */,
				DC25CA0328F0E3C300646BB9 /* Search */,
				DC423EEE28F5E2EA005B91B8 /* Settings */,
				DC88889628E77D42000B9E01 /* Data */,
				DCAE02FF28F87CCD008C5DD6 /* Extensions */,
			);
			path = Views;
			sourceTree = "<group>";
		};
		DC88889628E77D42000B9E01 /* Data */ = {
			isa = PBXGroup;
			children = (
				DC72838028E672490028D4BA /* MovieNight.xcdatamodeld */,
				DC6E134428E603F900A50AC5 /* DataController.swift */,
				DC6E134A28E6662200A50AC5 /* MediaResult.swift */,
				DC881815290040520066C8FB /* MediaDetails.swift */,
				DC6DB7D2290701BF00F7BCDD /* Credits.swift */,
				DCD021F529088B5300C5BF54 /* PersonResult.swift */,
			);
			path = Data;
			sourceTree = "<group>";
		};
		DCAE02FF28F87CCD008C5DD6 /* Extensions */ = {
			isa = PBXGroup;
			children = (
				DCAB675F2922D3AF0081BAA9 /* UIImageTransformer.swift */,
				DC6E134828E6660900A50AC5 /* Percent-Encoding.swift */,
			);
			path = Extensions;
			sourceTree = "<group>";
		};
		DCD021EA2908429C00C5BF54 /* Person */ = {
			isa = PBXGroup;
			children = (
				DCD021F3290888CF00C5BF54 /* PersonView.swift */,
				DCD021EB290842AF00C5BF54 /* PersonDetails.swift */,
				DCD021F1290887B700C5BF54 /* PersonFilmography.swift */,
				DCC60AFC29159889006D814A /* FilmographyPoster.swift */,
			);
			path = Person;
			sourceTree = "<group>";
		};
/* End PBXGroup section */

/* Begin PBXNativeTarget section */
		DC6E132F28E5F4EE00A50AC5 /* MovieNight */ = {
			isa = PBXNativeTarget;
			buildConfigurationList = DC6E133E28E5F4F000A50AC5 /* Build configuration list for PBXNativeTarget "MovieNight" */;
			buildPhases = (
				DC6E132C28E5F4EE00A50AC5 /* Sources */,
				DC6E132D28E5F4EE00A50AC5 /* Frameworks */,
				DC6E132E28E5F4EE00A50AC5 /* Resources */,
			);
			buildRules = (
			);
			dependencies = (
			);
			name = MovieNight;
			productName = MovieNight;
			productReference = DC6E133028E5F4EE00A50AC5 /* MovieNight.app */;
			productType = "com.apple.product-type.application";
		};
/* End PBXNativeTarget section */

/* Begin PBXProject section */
		DC6E132828E5F4EE00A50AC5 /* Project object */ = {
			isa = PBXProject;
			attributes = {
				BuildIndependentTargetsInParallel = 1;
				LastSwiftUpdateCheck = 1400;
				LastUpgradeCheck = 1400;
				TargetAttributes = {
					DC6E132F28E5F4EE00A50AC5 = {
						CreatedOnToolsVersion = 14.0;
					};
				};
			};
			buildConfigurationList = DC6E132B28E5F4EE00A50AC5 /* Build configuration list for PBXProject "MovieNight" */;
			compatibilityVersion = "Xcode 14.0";
			developmentRegion = en;
			hasScannedForEncodings = 0;
			knownRegions = (
				en,
				Base,
			);
			mainGroup = DC6E132728E5F4EE00A50AC5;
			productRefGroup = DC6E133128E5F4EE00A50AC5 /* Products */;
			projectDirPath = "";
			projectRoot = "";
			targets = (
				DC6E132F28E5F4EE00A50AC5 /* MovieNight */,
			);
		};
/* End PBXProject section */

/* Begin PBXResourcesBuildPhase section */
		DC6E132E28E5F4EE00A50AC5 /* Resources */ = {
			isa = PBXResourcesBuildPhase;
			buildActionMask = 2147483647;
			files = (
				DC6E133B28E5F4F000A50AC5 /* Preview Assets.xcassets in Resources */,
				DC6E133828E5F4EF00A50AC5 /* Assets.xcassets in Resources */,
			);
			runOnlyForDeploymentPostprocessing = 0;
		};
/* End PBXResourcesBuildPhase section */

/* Begin PBXSourcesBuildPhase section */
		DC6E132C28E5F4EE00A50AC5 /* Sources */ = {
			isa = PBXSourcesBuildPhase;
			buildActionMask = 2147483647;
			files = (
				DCC484FE28EB13C4004116CD /* AttributionsView.swift in Sources */,
				DC2BC11D28F71C5800E12FA5 /* Media+CoreDataClass.swift in Sources */,
				DC6E134928E6660900A50AC5 /* Percent-Encoding.swift in Sources */,
				DC6E134728E665E200A50AC5 /* MovieView.swift in Sources */,
				DCEDDFA029157D3E009D07B5 /* Media+CoreDataProperties.swift in Sources */,
				DC6E135328E6668E00A50AC5 /* DiscoverView.swift in Sources */,
				DC6E133628E5F4EE00A50AC5 /* ContentView.swift in Sources */,
				DC6E134528E603F900A50AC5 /* DataController.swift in Sources */,
				DC6E134D28E6664000A50AC5 /* SearchView.swift in Sources */,
				DCD021F4290888CF00C5BF54 /* PersonView.swift in Sources */,
				DCD021F629088B5300C5BF54 /* PersonResult.swift in Sources */,
				DCAB67602922D3AF0081BAA9 /* UIImageTransformer.swift in Sources */,
				DC7A37D72912AE6A00E8343A /* SimilarPostersView.swift in Sources */,
				DCD021F829089B7100C5BF54 /* Person+CoreDataProperties.swift in Sources */,
				DC13862929259C870049D070 /* ButtonView.swift in Sources */,
				DC881816290040520066C8FB /* MediaDetails.swift in Sources */,
				DC7A37D92912B87A00E8343A /* CreditProfilePictures.swift in Sources */,
				DC7A37DF291327C900E8343A /* DiscoverPosters.swift in Sources */,
				DCC4850028EB177A004116CD /* WatchListFilter.swift in Sources */,
				DC6DB7D7290720AE00F7BCDD /* MovieDetailView.swift in Sources */,
				DC6DB7D3290701BF00F7BCDD /* Credits.swift in Sources */,
				DCD021FA29089DD000C5BF54 /* Person+CoreDataClass.swift in Sources */,
				DCC60AFD29159889006D814A /* FilmographyPoster.swift in Sources */,
				DC6E135128E6668900A50AC5 /* SettingsView.swift in Sources */,
				DC72838228E672490028D4BA /* MovieNight.xcdatamodeld in Sources */,
				DC5C891F28FF23D700850DF3 /* FiveStarView.swift in Sources */,
				DCE9740428F83BD9002917F0 /* AllSearchResults.swift in Sources */,
				DCD021F2290887B700C5BF54 /* PersonFilmography.swift in Sources */,
				DCAE9A0B28E757EA00753F1A /* AddToWatchListButton.swift in Sources */,
				DCD021EC290842AF00C5BF54 /* PersonDetails.swift in Sources */,
				DC6E134B28E6662200A50AC5 /* MediaResult.swift in Sources */,
				DC6DB7D92907219B00F7BCDD /* MovieTopDetails.swift in Sources */,
				DC6E133428E5F4EE00A50AC5 /* MovieNightApp.swift in Sources */,
				DC6DB7D12902D4F000F7BCDD /* SimilarMoviesView.swift in Sources */,
				DC6E134F28E6668100A50AC5 /* MyMoviesView.swift in Sources */,
				DC6DB7D52907078A00F7BCDD /* CreditsView.swift in Sources */,
				DC25CA0528F0E41300646BB9 /* SearchFilter.swift in Sources */,
			);
			runOnlyForDeploymentPostprocessing = 0;
		};
/* End PBXSourcesBuildPhase section */

/* Begin XCBuildConfiguration section */
		DC6E133C28E5F4F000A50AC5 /* Debug */ = {
			isa = XCBuildConfiguration;
			buildSettings = {
				ALWAYS_SEARCH_USER_PATHS = NO;
				CLANG_ANALYZER_NONNULL = YES;
				CLANG_ANALYZER_NUMBER_OBJECT_CONVERSION = YES_AGGRESSIVE;
				CLANG_CXX_LANGUAGE_STANDARD = "gnu++20";
				CLANG_ENABLE_MODULES = YES;
				CLANG_ENABLE_OBJC_ARC = YES;
				CLANG_ENABLE_OBJC_WEAK = YES;
				CLANG_WARN_BLOCK_CAPTURE_AUTORELEASING = YES;
				CLANG_WARN_BOOL_CONVERSION = YES;
				CLANG_WARN_COMMA = YES;
				CLANG_WARN_CONSTANT_CONVERSION = YES;
				CLANG_WARN_DEPRECATED_OBJC_IMPLEMENTATIONS = YES;
				CLANG_WARN_DIRECT_OBJC_ISA_USAGE = YES_ERROR;
				CLANG_WARN_DOCUMENTATION_COMMENTS = YES;
				CLANG_WARN_EMPTY_BODY = YES;
				CLANG_WARN_ENUM_CONVERSION = YES;
				CLANG_WARN_INFINITE_RECURSION = YES;
				CLANG_WARN_INT_CONVERSION = YES;
				CLANG_WARN_NON_LITERAL_NULL_CONVERSION = YES;
				CLANG_WARN_OBJC_IMPLICIT_RETAIN_SELF = YES;
				CLANG_WARN_OBJC_LITERAL_CONVERSION = YES;
				CLANG_WARN_OBJC_ROOT_CLASS = YES_ERROR;
				CLANG_WARN_QUOTED_INCLUDE_IN_FRAMEWORK_HEADER = YES;
				CLANG_WARN_RANGE_LOOP_ANALYSIS = YES;
				CLANG_WARN_STRICT_PROTOTYPES = YES;
				CLANG_WARN_SUSPICIOUS_MOVE = YES;
				CLANG_WARN_UNGUARDED_AVAILABILITY = YES_AGGRESSIVE;
				CLANG_WARN_UNREACHABLE_CODE = YES;
				CLANG_WARN__DUPLICATE_METHOD_MATCH = YES;
				COPY_PHASE_STRIP = NO;
				DEBUG_INFORMATION_FORMAT = dwarf;
				ENABLE_STRICT_OBJC_MSGSEND = YES;
				ENABLE_TESTABILITY = YES;
				GCC_C_LANGUAGE_STANDARD = gnu11;
				GCC_DYNAMIC_NO_PIC = NO;
				GCC_NO_COMMON_BLOCKS = YES;
				GCC_OPTIMIZATION_LEVEL = 0;
				GCC_PREPROCESSOR_DEFINITIONS = (
					"DEBUG=1",
					"$(inherited)",
				);
				GCC_WARN_64_TO_32_BIT_CONVERSION = YES;
				GCC_WARN_ABOUT_RETURN_TYPE = YES_ERROR;
				GCC_WARN_UNDECLARED_SELECTOR = YES;
				GCC_WARN_UNINITIALIZED_AUTOS = YES_AGGRESSIVE;
				GCC_WARN_UNUSED_FUNCTION = YES;
				GCC_WARN_UNUSED_VARIABLE = YES;
				IPHONEOS_DEPLOYMENT_TARGET = 16.0;
				MTL_ENABLE_DEBUG_INFO = INCLUDE_SOURCE;
				MTL_FAST_MATH = YES;
				ONLY_ACTIVE_ARCH = YES;
				SDKROOT = iphoneos;
				SWIFT_ACTIVE_COMPILATION_CONDITIONS = DEBUG;
				SWIFT_OPTIMIZATION_LEVEL = "-Onone";
			};
			name = Debug;
		};
		DC6E133D28E5F4F000A50AC5 /* Release */ = {
			isa = XCBuildConfiguration;
			buildSettings = {
				ALWAYS_SEARCH_USER_PATHS = NO;
				CLANG_ANALYZER_NONNULL = YES;
				CLANG_ANALYZER_NUMBER_OBJECT_CONVERSION = YES_AGGRESSIVE;
				CLANG_CXX_LANGUAGE_STANDARD = "gnu++20";
				CLANG_ENABLE_MODULES = YES;
				CLANG_ENABLE_OBJC_ARC = YES;
				CLANG_ENABLE_OBJC_WEAK = YES;
				CLANG_WARN_BLOCK_CAPTURE_AUTORELEASING = YES;
				CLANG_WARN_BOOL_CONVERSION = YES;
				CLANG_WARN_COMMA = YES;
				CLANG_WARN_CONSTANT_CONVERSION = YES;
				CLANG_WARN_DEPRECATED_OBJC_IMPLEMENTATIONS = YES;
				CLANG_WARN_DIRECT_OBJC_ISA_USAGE = YES_ERROR;
				CLANG_WARN_DOCUMENTATION_COMMENTS = YES;
				CLANG_WARN_EMPTY_BODY = YES;
				CLANG_WARN_ENUM_CONVERSION = YES;
				CLANG_WARN_INFINITE_RECURSION = YES;
				CLANG_WARN_INT_CONVERSION = YES;
				CLANG_WARN_NON_LITERAL_NULL_CONVERSION = YES;
				CLANG_WARN_OBJC_IMPLICIT_RETAIN_SELF = YES;
				CLANG_WARN_OBJC_LITERAL_CONVERSION = YES;
				CLANG_WARN_OBJC_ROOT_CLASS = YES_ERROR;
				CLANG_WARN_QUOTED_INCLUDE_IN_FRAMEWORK_HEADER = YES;
				CLANG_WARN_RANGE_LOOP_ANALYSIS = YES;
				CLANG_WARN_STRICT_PROTOTYPES = YES;
				CLANG_WARN_SUSPICIOUS_MOVE = YES;
				CLANG_WARN_UNGUARDED_AVAILABILITY = YES_AGGRESSIVE;
				CLANG_WARN_UNREACHABLE_CODE = YES;
				CLANG_WARN__DUPLICATE_METHOD_MATCH = YES;
				COPY_PHASE_STRIP = NO;
				DEBUG_INFORMATION_FORMAT = "dwarf-with-dsym";
				ENABLE_NS_ASSERTIONS = NO;
				ENABLE_STRICT_OBJC_MSGSEND = YES;
				GCC_C_LANGUAGE_STANDARD = gnu11;
				GCC_NO_COMMON_BLOCKS = YES;
				GCC_WARN_64_TO_32_BIT_CONVERSION = YES;
				GCC_WARN_ABOUT_RETURN_TYPE = YES_ERROR;
				GCC_WARN_UNDECLARED_SELECTOR = YES;
				GCC_WARN_UNINITIALIZED_AUTOS = YES_AGGRESSIVE;
				GCC_WARN_UNUSED_FUNCTION = YES;
				GCC_WARN_UNUSED_VARIABLE = YES;
				IPHONEOS_DEPLOYMENT_TARGET = 16.0;
				MTL_ENABLE_DEBUG_INFO = NO;
				MTL_FAST_MATH = YES;
				SDKROOT = iphoneos;
				SWIFT_COMPILATION_MODE = wholemodule;
				SWIFT_OPTIMIZATION_LEVEL = "-O";
				VALIDATE_PRODUCT = YES;
			};
			name = Release;
		};
		DC6E133F28E5F4F000A50AC5 /* Debug */ = {
			isa = XCBuildConfiguration;
			buildSettings = {
				ASSETCATALOG_COMPILER_APPICON_NAME = AppIcon;
				ASSETCATALOG_COMPILER_GLOBAL_ACCENT_COLOR_NAME = AccentColor;
				CODE_SIGN_STYLE = Automatic;
				CURRENT_PROJECT_VERSION = 1;
				DEVELOPMENT_ASSET_PATHS = "\"MovieNight/Preview Content\"";
				DEVELOPMENT_TEAM = R9SLYR2Y3N;
				ENABLE_PREVIEWS = YES;
				GENERATE_INFOPLIST_FILE = YES;
				INFOPLIST_KEY_UIApplicationSceneManifest_Generation = YES;
				INFOPLIST_KEY_UIApplicationSupportsIndirectInputEvents = YES;
				INFOPLIST_KEY_UILaunchScreen_Generation = YES;
				INFOPLIST_KEY_UISupportedInterfaceOrientations_iPad = "UIInterfaceOrientationPortrait UIInterfaceOrientationPortraitUpsideDown UIInterfaceOrientationLandscapeLeft UIInterfaceOrientationLandscapeRight";
				INFOPLIST_KEY_UISupportedInterfaceOrientations_iPhone = "UIInterfaceOrientationPortrait UIInterfaceOrientationLandscapeLeft UIInterfaceOrientationLandscapeRight";
				LD_RUNPATH_SEARCH_PATHS = (
					"$(inherited)",
					"@executable_path/Frameworks",
				);
				MARKETING_VERSION = 1.0;
				PRODUCT_BUNDLE_IDENTIFIER = com.coryjpopp.MovieNight;
				PRODUCT_NAME = "$(TARGET_NAME)";
				SWIFT_EMIT_LOC_STRINGS = YES;
				SWIFT_VERSION = 5.0;
				TARGETED_DEVICE_FAMILY = "1,2";
			};
			name = Debug;
		};
		DC6E134028E5F4F000A50AC5 /* Release */ = {
			isa = XCBuildConfiguration;
			buildSettings = {
				ASSETCATALOG_COMPILER_APPICON_NAME = AppIcon;
				ASSETCATALOG_COMPILER_GLOBAL_ACCENT_COLOR_NAME = AccentColor;
				CODE_SIGN_STYLE = Automatic;
				CURRENT_PROJECT_VERSION = 1;
				DEVELOPMENT_ASSET_PATHS = "\"MovieNight/Preview Content\"";
				DEVELOPMENT_TEAM = R9SLYR2Y3N;
				ENABLE_PREVIEWS = YES;
				GENERATE_INFOPLIST_FILE = YES;
				INFOPLIST_KEY_UIApplicationSceneManifest_Generation = YES;
				INFOPLIST_KEY_UIApplicationSupportsIndirectInputEvents = YES;
				INFOPLIST_KEY_UILaunchScreen_Generation = YES;
				INFOPLIST_KEY_UISupportedInterfaceOrientations_iPad = "UIInterfaceOrientationPortrait UIInterfaceOrientationPortraitUpsideDown UIInterfaceOrientationLandscapeLeft UIInterfaceOrientationLandscapeRight";
				INFOPLIST_KEY_UISupportedInterfaceOrientations_iPhone = "UIInterfaceOrientationPortrait UIInterfaceOrientationLandscapeLeft UIInterfaceOrientationLandscapeRight";
				LD_RUNPATH_SEARCH_PATHS = (
					"$(inherited)",
					"@executable_path/Frameworks",
				);
				MARKETING_VERSION = 1.0;
				PRODUCT_BUNDLE_IDENTIFIER = com.coryjpopp.MovieNight;
				PRODUCT_NAME = "$(TARGET_NAME)";
				SWIFT_EMIT_LOC_STRINGS = YES;
				SWIFT_VERSION = 5.0;
				TARGETED_DEVICE_FAMILY = "1,2";
			};
			name = Release;
		};
/* End XCBuildConfiguration section */

/* Begin XCConfigurationList section */
		DC6E132B28E5F4EE00A50AC5 /* Build configuration list for PBXProject "MovieNight" */ = {
			isa = XCConfigurationList;
			buildConfigurations = (
				DC6E133C28E5F4F000A50AC5 /* Debug */,
				DC6E133D28E5F4F000A50AC5 /* Release */,
			);
			defaultConfigurationIsVisible = 0;
			defaultConfigurationName = Release;
		};
		DC6E133E28E5F4F000A50AC5 /* Build configuration list for PBXNativeTarget "MovieNight" */ = {
			isa = XCConfigurationList;
			buildConfigurations = (
				DC6E133F28E5F4F000A50AC5 /* Debug */,
				DC6E134028E5F4F000A50AC5 /* Release */,
			);
			defaultConfigurationIsVisible = 0;
			defaultConfigurationName = Release;
		};
/* End XCConfigurationList section */

/* Begin XCVersionGroup section */
		DC72838028E672490028D4BA /* MovieNight.xcdatamodeld */ = {
			isa = XCVersionGroup;
			children = (
				DC72838128E672490028D4BA /* MovieNight.xcdatamodel */,
			);
			currentVersion = DC72838128E672490028D4BA /* MovieNight.xcdatamodel */;
			path = MovieNight.xcdatamodeld;
			sourceTree = "<group>";
			versionGroupType = wrapper.xcdatamodel;
		};
/* End XCVersionGroup section */
	};
	rootObject = DC6E132828E5F4EE00A50AC5 /* Project object */;
}
